
Microsoft Visual Studio Solution File, Format Version 12.00
# Visual Studio Version 16
VisualStudioVersion = 16.0.32930.78
MinimumVisualStudioVersion = 10.0.40219.1
Project("{FAE04EC0-301F-11D3-BF4B-00C04F79EFBC}") = "FormAuthenticationCustom", "FormAuthenticationCustom\FormAuthenticationCustom.csproj", "{727EA342-2DFB-454D-9758-2B8BFDE43061}"
EndProject
Project("{FAE04EC0-301F-11D3-BF4B-00C04F79EFBC}") = "WindowAuthentication", "WindowAuthentication\WindowAuthentication.csproj", "{ADF6B189-CDB0-4738-8ADD-8DA0D5BB6243}"
EndProject
Global
	GlobalSection(SolutionConfigurationPlatforms) = preSolution
		Debug|Any CPU = Debug|Any CPU
		Release|Any CPU = Release|Any CPU
	EndGlobalSection
	GlobalSection(ProjectConfigurationPlatforms) = postSolution
		{727EA342-2DFB-454D-9758-2B8BFDE43061}.Debug|Any CPU.ActiveCfg = Debug|Any CPU
		{727EA342-2DFB-454D-9758-2B8BFDE43061}.Debug|Any CPU.Build.0 = Debug|Any CPU
		{727EA342-2DFB-454D-9758-2B8BFDE43061}.Release|Any CPU.ActiveCfg = Release|Any CPU
		{727EA342-2DFB-454D-9758-2B8BFDE43061}.Release|Any CPU.Build.0 = Release|Any CPU
		{ADF6B189-CDB0-4738-8ADD-8DA0D5BB6243}.Debug|Any CPU.ActiveCfg = Debug|Any CPU
		{ADF6B189-CDB0-4738-8ADD-8DA0D5BB6243}.Debug|Any CPU.Build.0 = Debug|Any CPU
		{ADF6B189-CDB0-4738-8ADD-8DA0D5BB6243}.Release|Any CPU.ActiveCfg = Release|Any CPU
		{ADF6B189-CDB0-4738-8ADD-8DA0D5BB6243}.Release|Any CPU.Build.0 = Release|Any CPU
	EndGlobalSection
	GlobalSection(SolutionProperties) = preSolution
		HideSolutionNode = FALSE
	EndGlobalSection
	GlobalSection(ExtensibilityGlobals) = postSolution
		SolutionGuid = {80929F66-46D9-415A-9814-8F2B7FF31AC2}
	EndGlobalSection
EndGlobal
