
Microsoft Visual Studio Solution File, Format Version 12.00
# Visual Studio Version 16
VisualStudioVersion = 16.0.32930.78
MinimumVisualStudioVersion = 10.0.40219.1
Project("{FAE04EC0-301F-11D3-BF4B-00C04F79EFBC}") = "Practical12_Test1", "Practical12_Test1\Practical12_Test1.csproj", "{58328B00-0988-413E-A086-B505D270C306}"
EndProject
Project("{FAE04EC0-301F-11D3-BF4B-00C04F79EFBC}") = "Practical12_Test2", "Practical12_Test2\Practical12_Test2.csproj", "{B16BEE22-D85D-4222-83A0-04338A6B586E}"
EndProject
Project("{FAE04EC0-301F-11D3-BF4B-00C04F79EFBC}") = "Practical12_Test3", "Practical12_Test3\Practical12_Test3.csproj", "{FA7BDA11-E244-47B7-95D3-7689797CD14B}"
EndProject
Global
	GlobalSection(SolutionConfigurationPlatforms) = preSolution
		Debug|Any CPU = Debug|Any CPU
		Release|Any CPU = Release|Any CPU
	EndGlobalSection
	GlobalSection(ProjectConfigurationPlatforms) = postSolution
		{58328B00-0988-413E-A086-B505D270C306}.Debug|Any CPU.ActiveCfg = Debug|Any CPU
		{58328B00-0988-413E-A086-B505D270C306}.Debug|Any CPU.Build.0 = Debug|Any CPU
		{58328B00-0988-413E-A086-B505D270C306}.Release|Any CPU.ActiveCfg = Release|Any CPU
		{58328B00-0988-413E-A086-B505D270C306}.Release|Any CPU.Build.0 = Release|Any CPU
		{B16BEE22-D85D-4222-83A0-04338A6B586E}.Debug|Any CPU.ActiveCfg = Debug|Any CPU
		{B16BEE22-D85D-4222-83A0-04338A6B586E}.Debug|Any CPU.Build.0 = Debug|Any CPU
		{B16BEE22-D85D-4222-83A0-04338A6B586E}.Release|Any CPU.ActiveCfg = Release|Any CPU
		{B16BEE22-D85D-4222-83A0-04338A6B586E}.Release|Any CPU.Build.0 = Release|Any CPU
		{FA7BDA11-E244-47B7-95D3-7689797CD14B}.Debug|Any CPU.ActiveCfg = Debug|Any CPU
		{FA7BDA11-E244-47B7-95D3-7689797CD14B}.Debug|Any CPU.Build.0 = Debug|Any CPU
		{FA7BDA11-E244-47B7-95D3-7689797CD14B}.Release|Any CPU.ActiveCfg = Release|Any CPU
		{FA7BDA11-E244-47B7-95D3-7689797CD14B}.Release|Any CPU.Build.0 = Release|Any CPU
	EndGlobalSection
	GlobalSection(SolutionProperties) = preSolution
		HideSolutionNode = FALSE
	EndGlobalSection
	GlobalSection(ExtensibilityGlobals) = postSolution
		SolutionGuid = {288C834B-4748-4ABB-BE4F-BA3018726F1D}
	EndGlobalSection
EndGlobal
